
Microsoft Visual Studio Solution File, Format Version 12.00
# Visual Studio Version 17
VisualStudioVersion = 17.11.35208.52
MinimumVisualStudioVersion = 10.0.40219.1
Project("{FAE04EC0-301F-11D3-BF4B-00C04F79EFBC}") = "ProyectoMarjorie", "ProyectoMarjorie.csproj", "{2E037407-214F-4848-85DE-6DDBAA588B8F}"
EndProject
Global
	GlobalSection(SolutionConfigurationPlatforms) = preSolution
		Debug|Any CPU = Debug|Any CPU
		Release|Any CPU = Release|Any CPU
	EndGlobalSection
	GlobalSection(ProjectConfigurationPlatforms) = postSolution
		{2E037407-214F-4848-85DE-6DDBAA588B8F}.Debug|Any CPU.ActiveCfg = Debug|Any CPU
		{2E037407-214F-4848-85DE-6DDBAA588B8F}.Debug|Any CPU.Build.0 = Debug|Any CPU
		{2E037407-214F-4848-85DE-6DDBAA588B8F}.Release|Any CPU.ActiveCfg = Release|Any CPU
		{2E037407-214F-4848-85DE-6DDBAA588B8F}.Release|Any CPU.Build.0 = Release|Any CPU
	EndGlobalSection
	GlobalSection(SolutionProperties) = preSolution
		HideSolutionNode = FALSE
	EndGlobalSection
	GlobalSection(ExtensibilityGlobals) = postSolution
		SolutionGuid = {30382023-BC3C-461C-B613-B40E78C55073}
	EndGlobalSection
EndGlobal
